// !$*UTF8*$!
{
	archiveVersion = 1;
	classes = {
	};
	objectVersion = 51;
	objects = {

/* Begin PBXBuildFile section */
		A6C66A88074B16255854770E /* Pods_customTabBar.framework in Frameworks */ = {isa = PBXBuildFile; fileRef = 563C7C87211C47C81AB70A73 /* Pods_customTabBar.framework */; };
		D92C82ED23DDC64500992171 /* HomeCollectionCell.swift in Sources */ = {isa = PBXBuildFile; fileRef = D92C82EC23DDC64500992171 /* HomeCollectionCell.swift */; };
		D92C82EF23DDD2AD00992171 /* HomeRouter.swift in Sources */ = {isa = PBXBuildFile; fileRef = D92C82EE23DDD2AD00992171 /* HomeRouter.swift */; };
		D92C82F123DDDB3800992171 /* HomeManager.swift in Sources */ = {isa = PBXBuildFile; fileRef = D92C82F023DDDB3800992171 /* HomeManager.swift */; };
		D92C82F323DDDB8300992171 /* HomeModel.swift in Sources */ = {isa = PBXBuildFile; fileRef = D92C82F223DDDB8300992171 /* HomeModel.swift */; };
		D92C82F523DDF84B00992171 /* HomePresenter.swift in Sources */ = {isa = PBXBuildFile; fileRef = D92C82F423DDF84B00992171 /* HomePresenter.swift */; };
		D92C82F723DE6C1500992171 /* TableCellViewModel.swift in Sources */ = {isa = PBXBuildFile; fileRef = D92C82F623DE6C1500992171 /* TableCellViewModel.swift */; };
		D94E983823DF05D100974FE8 /* TabBarMiddleVC.swift in Sources */ = {isa = PBXBuildFile; fileRef = D94E983723DF05D100974FE8 /* TabBarMiddleVC.swift */; };
		D94E983B23DF05FC00974FE8 /* CircularMenuVC.swift in Sources */ = {isa = PBXBuildFile; fileRef = D94E983A23DF05FC00974FE8 /* CircularMenuVC.swift */; };
		D94E984023DF086100974FE8 /* SearchVC.swift in Sources */ = {isa = PBXBuildFile; fileRef = D94E983F23DF086100974FE8 /* SearchVC.swift */; };
		D94E984223DF087600974FE8 /* ProfileVC.swift in Sources */ = {isa = PBXBuildFile; fileRef = D94E984123DF087600974FE8 /* ProfileVC.swift */; };
		D94E984523DF08D600974FE8 /* NotificationVC.swift in Sources */ = {isa = PBXBuildFile; fileRef = D94E984423DF08D600974FE8 /* NotificationVC.swift */; };
		D9F6C0B323DB8AC600F416DF /* AppDelegate.swift in Sources */ = {isa = PBXBuildFile; fileRef = D9F6C0B223DB8AC600F416DF /* AppDelegate.swift */; };
		D9F6C0B523DB8AC600F416DF /* SceneDelegate.swift in Sources */ = {isa = PBXBuildFile; fileRef = D9F6C0B423DB8AC600F416DF /* SceneDelegate.swift */; };
		D9F6C0BA23DB8AC600F416DF /* Main.storyboard in Resources */ = {isa = PBXBuildFile; fileRef = D9F6C0B823DB8AC600F416DF /* Main.storyboard */; };
		D9F6C0BC23DB8ACA00F416DF /* Assets.xcassets in Resources */ = {isa = PBXBuildFile; fileRef = D9F6C0BB23DB8ACA00F416DF /* Assets.xcassets */; };
		D9F6C0BF23DB8ACA00F416DF /* LaunchScreen.storyboard in Resources */ = {isa = PBXBuildFile; fileRef = D9F6C0BD23DB8ACA00F416DF /* LaunchScreen.storyboard */; };
		D9F6C0C723DB8B1600F416DF /* CustomTabBar.swift in Sources */ = {isa = PBXBuildFile; fileRef = D9F6C0C623DB8B1600F416DF /* CustomTabBar.swift */; };
		D9F6C0CF23DC883600F416DF /* HomeVC.swift in Sources */ = {isa = PBXBuildFile; fileRef = D9F6C0CE23DC883600F416DF /* HomeVC.swift */; };
		D9F6C0D123DCC2EE00F416DF /* ExUITextField.swift in Sources */ = {isa = PBXBuildFile; fileRef = D9F6C0D023DCC2EE00F416DF /* ExUITextField.swift */; };
		D9F6C0D323DCCF1400F416DF /* HeaderCell.swift in Sources */ = {isa = PBXBuildFile; fileRef = D9F6C0D223DCCF1400F416DF /* HeaderCell.swift */; };
		D9F6C0D523DCCF6400F416DF /* HomeTableViewCell.swift in Sources */ = {isa = PBXBuildFile; fileRef = D9F6C0D423DCCF6400F416DF /* HomeTableViewCell.swift */; };
		D9F6C0D723DCF38400F416DF /* CardView.swift in Sources */ = {isa = PBXBuildFile; fileRef = D9F6C0D623DCF38400F416DF /* CardView.swift */; };
/* End PBXBuildFile section */

/* Begin PBXFileReference section */
		501A30B8680C94A50F95C307 /* Pods-customTabBar.release.xcconfig */ = {isa = PBXFileReference; includeInIndex = 1; lastKnownFileType = text.xcconfig; name = "Pods-customTabBar.release.xcconfig"; path = "Target Support Files/Pods-customTabBar/Pods-customTabBar.release.xcconfig"; sourceTree = "<group>"; };
		563C7C87211C47C81AB70A73 /* Pods_customTabBar.framework */ = {isa = PBXFileReference; explicitFileType = wrapper.framework; includeInIndex = 0; path = Pods_customTabBar.framework; sourceTree = BUILT_PRODUCTS_DIR; };
		77490B8E562035B00D513247 /* Pods-customTabBar.debug.xcconfig */ = {isa = PBXFileReference; includeInIndex = 1; lastKnownFileType = text.xcconfig; name = "Pods-customTabBar.debug.xcconfig"; path = "Target Support Files/Pods-customTabBar/Pods-customTabBar.debug.xcconfig"; sourceTree = "<group>"; };
		D92C82EC23DDC64500992171 /* HomeCollectionCell.swift */ = {isa = PBXFileReference; lastKnownFileType = sourcecode.swift; path = HomeCollectionCell.swift; sourceTree = "<group>"; };
		D92C82EE23DDD2AD00992171 /* HomeRouter.swift */ = {isa = PBXFileReference; lastKnownFileType = sourcecode.swift; path = HomeRouter.swift; sourceTree = "<group>"; };
		D92C82F023DDDB3800992171 /* HomeManager.swift */ = {isa = PBXFileReference; lastKnownFileType = sourcecode.swift; path = HomeManager.swift; sourceTree = "<group>"; };
		D92C82F223DDDB8300992171 /* HomeModel.swift */ = {isa = PBXFileReference; lastKnownFileType = sourcecode.swift; path = HomeModel.swift; sourceTree = "<group>"; };
		D92C82F423DDF84B00992171 /* HomePresenter.swift */ = {isa = PBXFileReference; lastKnownFileType = sourcecode.swift; path = HomePresenter.swift; sourceTree = "<group>"; };
		D92C82F623DE6C1500992171 /* TableCellViewModel.swift */ = {isa = PBXFileReference; lastKnownFileType = sourcecode.swift; path = TableCellViewModel.swift; sourceTree = "<group>"; };
		D94E983723DF05D100974FE8 /* TabBarMiddleVC.swift */ = {isa = PBXFileReference; lastKnownFileType = sourcecode.swift; path = TabBarMiddleVC.swift; sourceTree = "<group>"; };
		D94E983A23DF05FC00974FE8 /* CircularMenuVC.swift */ = {isa = PBXFileReference; lastKnownFileType = sourcecode.swift; path = CircularMenuVC.swift; sourceTree = "<group>"; };
		D94E983F23DF086100974FE8 /* SearchVC.swift */ = {isa = PBXFileReference; lastKnownFileType = sourcecode.swift; path = SearchVC.swift; sourceTree = "<group>"; };
		D94E984123DF087600974FE8 /* ProfileVC.swift */ = {isa = PBXFileReference; lastKnownFileType = sourcecode.swift; path = ProfileVC.swift; sourceTree = "<group>"; };
		D94E984423DF08D600974FE8 /* NotificationVC.swift */ = {isa = PBXFileReference; lastKnownFileType = sourcecode.swift; path = NotificationVC.swift; sourceTree = "<group>"; };
		D9F6C0AF23DB8AC600F416DF /* customTabBar.app */ = {isa = PBXFileReference; explicitFileType = wrapper.application; includeInIndex = 0; path = customTabBar.app; sourceTree = BUILT_PRODUCTS_DIR; };
		D9F6C0B223DB8AC600F416DF /* AppDelegate.swift */ = {isa = PBXFileReference; lastKnownFileType = sourcecode.swift; path = AppDelegate.swift; sourceTree = "<group>"; };
		D9F6C0B423DB8AC600F416DF /* SceneDelegate.swift */ = {isa = PBXFileReference; lastKnownFileType = sourcecode.swift; path = SceneDelegate.swift; sourceTree = "<group>"; };
		D9F6C0B923DB8AC600F416DF /* Base */ = {isa = PBXFileReference; lastKnownFileType = file.storyboard; name = Base; path = Base.lproj/Main.storyboard; sourceTree = "<group>"; };
		D9F6C0BB23DB8ACA00F416DF /* Assets.xcassets */ = {isa = PBXFileReference; lastKnownFileType = folder.assetcatalog; path = Assets.xcassets; sourceTree = "<group>"; };
		D9F6C0BE23DB8ACA00F416DF /* Base */ = {isa = PBXFileReference; lastKnownFileType = file.storyboard; name = Base; path = Base.lproj/LaunchScreen.storyboard; sourceTree = "<group>"; };
		D9F6C0C023DB8ACA00F416DF /* Info.plist */ = {isa = PBXFileReference; lastKnownFileType = text.plist.xml; path = Info.plist; sourceTree = "<group>"; };
		D9F6C0C623DB8B1600F416DF /* CustomTabBar.swift */ = {isa = PBXFileReference; lastKnownFileType = sourcecode.swift; path = CustomTabBar.swift; sourceTree = "<group>"; };
		D9F6C0CE23DC883600F416DF /* HomeVC.swift */ = {isa = PBXFileReference; lastKnownFileType = sourcecode.swift; path = HomeVC.swift; sourceTree = "<group>"; };
		D9F6C0D023DCC2EE00F416DF /* ExUITextField.swift */ = {isa = PBXFileReference; fileEncoding = 4; lastKnownFileType = sourcecode.swift; path = ExUITextField.swift; sourceTree = "<group>"; };
		D9F6C0D223DCCF1400F416DF /* HeaderCell.swift */ = {isa = PBXFileReference; lastKnownFileType = sourcecode.swift; path = HeaderCell.swift; sourceTree = "<group>"; };
		D9F6C0D423DCCF6400F416DF /* HomeTableViewCell.swift */ = {isa = PBXFileReference; lastKnownFileType = sourcecode.swift; path = HomeTableViewCell.swift; sourceTree = "<group>"; };
		D9F6C0D623DCF38400F416DF /* CardView.swift */ = {isa = PBXFileReference; fileEncoding = 4; lastKnownFileType = sourcecode.swift; path = CardView.swift; sourceTree = "<group>"; };
/* End PBXFileReference section */

/* Begin PBXFrameworksBuildPhase section */
		D9F6C0AC23DB8AC600F416DF /* Frameworks */ = {
			isa = PBXFrameworksBuildPhase;
			buildActionMask = 2147483647;
			files = (
				A6C66A88074B16255854770E /* Pods_customTabBar.framework in Frameworks */,
			);
			runOnlyForDeploymentPostprocessing = 0;
		};
/* End PBXFrameworksBuildPhase section */

/* Begin PBXGroup section */
		7715D147CC3F145C03E858CB /* Frameworks */ = {
			isa = PBXGroup;
			children = (
				563C7C87211C47C81AB70A73 /* Pods_customTabBar.framework */,
			);
			name = Frameworks;
			sourceTree = "<group>";
		};
		B180ABD2467A671D233EB459 /* Pods */ = {
			isa = PBXGroup;
			children = (
				77490B8E562035B00D513247 /* Pods-customTabBar.debug.xcconfig */,
				501A30B8680C94A50F95C307 /* Pods-customTabBar.release.xcconfig */,
			);
			path = Pods;
			sourceTree = "<group>";
		};
		D94E983623DF058500974FE8 /* TabBarMiddleVC */ = {
			isa = PBXGroup;
			children = (
				D94E983723DF05D100974FE8 /* TabBarMiddleVC.swift */,
			);
			path = TabBarMiddleVC;
			sourceTree = "<group>";
		};
		D94E983923DF05DA00974FE8 /* CircularMenuVC */ = {
			isa = PBXGroup;
			children = (
				D94E983A23DF05FC00974FE8 /* CircularMenuVC.swift */,
			);
			path = CircularMenuVC;
			sourceTree = "<group>";
		};
		D94E983C23DF082300974FE8 /* SearchVC */ = {
			isa = PBXGroup;
			children = (
				D94E983F23DF086100974FE8 /* SearchVC.swift */,
			);
			path = SearchVC;
			sourceTree = "<group>";
		};
		D94E983D23DF083500974FE8 /* ProfileVC */ = {
			isa = PBXGroup;
			children = (
				D94E984123DF087600974FE8 /* ProfileVC.swift */,
			);
			path = ProfileVC;
			sourceTree = "<group>";
		};
		D94E983E23DF083F00974FE8 /* NotificationVC */ = {
			isa = PBXGroup;
			children = (
				D94E984423DF08D600974FE8 /* NotificationVC.swift */,
			);
			path = NotificationVC;
			sourceTree = "<group>";
		};
		D94E984623DF092F00974FE8 /* Cells */ = {
			isa = PBXGroup;
			children = (
				D92C82F623DE6C1500992171 /* TableCellViewModel.swift */,
				D92C82EC23DDC64500992171 /* HomeCollectionCell.swift */,
				D9F6C0D423DCCF6400F416DF /* HomeTableViewCell.swift */,
				D9F6C0D223DCCF1400F416DF /* HeaderCell.swift */,
			);
			path = Cells;
			sourceTree = "<group>";
		};
		D9F6C0A623DB8AC600F416DF = {
			isa = PBXGroup;
			children = (
				D9F6C0B123DB8AC600F416DF /* customTabBar */,
				D9F6C0B023DB8AC600F416DF /* Products */,
				B180ABD2467A671D233EB459 /* Pods */,
				7715D147CC3F145C03E858CB /* Frameworks */,
			);
			sourceTree = "<group>";
		};
		D9F6C0B023DB8AC600F416DF /* Products */ = {
			isa = PBXGroup;
			children = (
				D9F6C0AF23DB8AC600F416DF /* customTabBar.app */,
			);
			name = Products;
			sourceTree = "<group>";
		};
		D9F6C0B123DB8AC600F416DF /* customTabBar */ = {
			isa = PBXGroup;
			children = (
				D9F6C0CC23DC851000F416DF /* Configuration */,
				D9F6C0CB23DC850100F416DF /* Utils */,
				D9F6C0CA23DC84F500F416DF /* Networking */,
				D9F6C0C923DC84EC00F416DF /* Model */,
				D9F6C0C823DC84DE00F416DF /* Scenes */,
				D9F6C0B823DB8AC600F416DF /* Main.storyboard */,
				D9F6C0BB23DB8ACA00F416DF /* Assets.xcassets */,
				D9F6C0BD23DB8ACA00F416DF /* LaunchScreen.storyboard */,
				D9F6C0C023DB8ACA00F416DF /* Info.plist */,
			);
			path = customTabBar;
			sourceTree = "<group>";
		};
		D9F6C0C823DC84DE00F416DF /* Scenes */ = {
			isa = PBXGroup;
			children = (
				D94E983E23DF083F00974FE8 /* NotificationVC */,
				D94E983D23DF083500974FE8 /* ProfileVC */,
				D94E983C23DF082300974FE8 /* SearchVC */,
				D94E983923DF05DA00974FE8 /* CircularMenuVC */,
				D94E983623DF058500974FE8 /* TabBarMiddleVC */,
				D9F6C0CD23DC881000F416DF /* Home */,
			);
			path = Scenes;
			sourceTree = "<group>";
		};
		D9F6C0C923DC84EC00F416DF /* Model */ = {
			isa = PBXGroup;
			children = (
				D92C82F223DDDB8300992171 /* HomeModel.swift */,
			);
			path = Model;
			sourceTree = "<group>";
		};
		D9F6C0CA23DC84F500F416DF /* Networking */ = {
			isa = PBXGroup;
			children = (
				D92C82EE23DDD2AD00992171 /* HomeRouter.swift */,
				D92C82F023DDDB3800992171 /* HomeManager.swift */,
			);
			path = Networking;
			sourceTree = "<group>";
		};
		D9F6C0CB23DC850100F416DF /* Utils */ = {
			isa = PBXGroup;
			children = (
				D9F6C0C623DB8B1600F416DF /* CustomTabBar.swift */,
				D9F6C0D623DCF38400F416DF /* CardView.swift */,
				D9F6C0D023DCC2EE00F416DF /* ExUITextField.swift */,
			);
			path = Utils;
			sourceTree = "<group>";
		};
		D9F6C0CC23DC851000F416DF /* Configuration */ = {
			isa = PBXGroup;
			children = (
				D9F6C0B423DB8AC600F416DF /* SceneDelegate.swift */,
				D9F6C0B223DB8AC600F416DF /* AppDelegate.swift */,
			);
			path = Configuration;
			sourceTree = "<group>";
		};
		D9F6C0CD23DC881000F416DF /* Home */ = {
			isa = PBXGroup;
			children = (
				D94E984623DF092F00974FE8 /* Cells */,
				D9F6C0CE23DC883600F416DF /* HomeVC.swift */,
				D92C82F423DDF84B00992171 /* HomePresenter.swift */,
			);
			path = Home;
			sourceTree = "<group>";
		};
/* End PBXGroup section */

/* Begin PBXNativeTarget section */
		D9F6C0AE23DB8AC600F416DF /* customTabBar */ = {
			isa = PBXNativeTarget;
			buildConfigurationList = D9F6C0C323DB8ACA00F416DF /* Build configuration list for PBXNativeTarget "customTabBar" */;
			buildPhases = (
				D10DCFD594D6C4B933EE4E8C /* [CP] Check Pods Manifest.lock */,
				D9F6C0AB23DB8AC600F416DF /* Sources */,
				D9F6C0AC23DB8AC600F416DF /* Frameworks */,
				D9F6C0AD23DB8AC600F416DF /* Resources */,
				D3B8BBBAA970B58C51A000FA /* [CP] Embed Pods Frameworks */,
			);
			buildRules = (
			);
			dependencies = (
			);
			name = customTabBar;
			productName = customTabBar;
			productReference = D9F6C0AF23DB8AC600F416DF /* customTabBar.app */;
			productType = "com.apple.product-type.application";
		};
/* End PBXNativeTarget section */

/* Begin PBXProject section */
		D9F6C0A723DB8AC600F416DF /* Project object */ = {
			isa = PBXProject;
			attributes = {
				LastSwiftUpdateCheck = 1110;
				LastUpgradeCheck = 1110;
				ORGANIZATIONNAME = "karim metawea";
				TargetAttributes = {
					D9F6C0AE23DB8AC600F416DF = {
						CreatedOnToolsVersion = 11.1;
					};
				};
			};
			buildConfigurationList = D9F6C0AA23DB8AC600F416DF /* Build configuration list for PBXProject "customTabBar" */;
			compatibilityVersion = "Xcode 9.3";
			developmentRegion = en;
			hasScannedForEncodings = 0;
			knownRegions = (
				en,
				Base,
			);
			mainGroup = D9F6C0A623DB8AC600F416DF;
			productRefGroup = D9F6C0B023DB8AC600F416DF /* Products */;
			projectDirPath = "";
			projectRoot = "";
			targets = (
				D9F6C0AE23DB8AC600F416DF /* customTabBar */,
			);
		};
/* End PBXProject section */

/* Begin PBXResourcesBuildPhase section */
		D9F6C0AD23DB8AC600F416DF /* Resources */ = {
			isa = PBXResourcesBuildPhase;
			buildActionMask = 2147483647;
			files = (
				D9F6C0BF23DB8ACA00F416DF /* LaunchScreen.storyboard in Resources */,
				D9F6C0BC23DB8ACA00F416DF /* Assets.xcassets in Resources */,
				D9F6C0BA23DB8AC600F416DF /* Main.storyboard in Resources */,
			);
			runOnlyForDeploymentPostprocessing = 0;
		};
/* End PBXResourcesBuildPhase section */

/* Begin PBXShellScriptBuildPhase section */
		D10DCFD594D6C4B933EE4E8C /* [CP] Check Pods Manifest.lock */ = {
			isa = PBXShellScriptBuildPhase;
			buildActionMask = 2147483647;
			files = (
			);
			inputFileListPaths = (
			);
			inputPaths = (
				"${PODS_PODFILE_DIR_PATH}/Podfile.lock",
				"${PODS_ROOT}/Manifest.lock",
			);
			name = "[CP] Check Pods Manifest.lock";
			outputFileListPaths = (
			);
			outputPaths = (
				"$(DERIVED_FILE_DIR)/Pods-customTabBar-checkManifestLockResult.txt",
			);
			runOnlyForDeploymentPostprocessing = 0;
			shellPath = /bin/sh;
			shellScript = "diff \"${PODS_PODFILE_DIR_PATH}/Podfile.lock\" \"${PODS_ROOT}/Manifest.lock\" > /dev/null\nif [ $? != 0 ] ; then\n    # print error to STDERR\n    echo \"error: The sandbox is not in sync with the Podfile.lock. Run 'pod install' or update your CocoaPods installation.\" >&2\n    exit 1\nfi\n# This output is used by Xcode 'outputs' to avoid re-running this script phase.\necho \"SUCCESS\" > \"${SCRIPT_OUTPUT_FILE_0}\"\n";
			showEnvVarsInLog = 0;
		};
		D3B8BBBAA970B58C51A000FA /* [CP] Embed Pods Frameworks */ = {
			isa = PBXShellScriptBuildPhase;
			buildActionMask = 2147483647;
			files = (
			);
			inputFileListPaths = (
				"${PODS_ROOT}/Target Support Files/Pods-customTabBar/Pods-customTabBar-frameworks-${CONFIGURATION}-input-files.xcfilelist",
			);
			name = "[CP] Embed Pods Frameworks";
			outputFileListPaths = (
				"${PODS_ROOT}/Target Support Files/Pods-customTabBar/Pods-customTabBar-frameworks-${CONFIGURATION}-output-files.xcfilelist",
			);
			runOnlyForDeploymentPostprocessing = 0;
			shellPath = /bin/sh;
			shellScript = "\"${PODS_ROOT}/Target Support Files/Pods-customTabBar/Pods-customTabBar-frameworks.sh\"\n";
			showEnvVarsInLog = 0;
		};
/* End PBXShellScriptBuildPhase section */

/* Begin PBXSourcesBuildPhase section */
		D9F6C0AB23DB8AC600F416DF /* Sources */ = {
			isa = PBXSourcesBuildPhase;
			buildActionMask = 2147483647;
			files = (
				D94E983823DF05D100974FE8 /* TabBarMiddleVC.swift in Sources */,
				D92C82F123DDDB3800992171 /* HomeManager.swift in Sources */,
				D94E983B23DF05FC00974FE8 /* CircularMenuVC.swift in Sources */,
				D9F6C0C723DB8B1600F416DF /* CustomTabBar.swift in Sources */,
				D92C82ED23DDC64500992171 /* HomeCollectionCell.swift in Sources */,
				D94E984523DF08D600974FE8 /* NotificationVC.swift in Sources */,
				D9F6C0D123DCC2EE00F416DF /* ExUITextField.swift in Sources */,
				D9F6C0D523DCCF6400F416DF /* HomeTableViewCell.swift in Sources */,
				D9F6C0CF23DC883600F416DF /* HomeVC.swift in Sources */,
				D9F6C0B323DB8AC600F416DF /* AppDelegate.swift in Sources */,
				D9F6C0D323DCCF1400F416DF /* HeaderCell.swift in Sources */,
				D92C82F323DDDB8300992171 /* HomeModel.swift in Sources */,
				D92C82F523DDF84B00992171 /* HomePresenter.swift in Sources */,
				D94E984223DF087600974FE8 /* ProfileVC.swift in Sources */,
				D92C82F723DE6C1500992171 /* TableCellViewModel.swift in Sources */,
				D9F6C0D723DCF38400F416DF /* CardView.swift in Sources */,
				D9F6C0B523DB8AC600F416DF /* SceneDelegate.swift in Sources */,
				D94E984023DF086100974FE8 /* SearchVC.swift in Sources */,
				D92C82EF23DDD2AD00992171 /* HomeRouter.swift in Sources */,
			);
			runOnlyForDeploymentPostprocessing = 0;
		};
/* End PBXSourcesBuildPhase section */

/* Begin PBXVariantGroup section */
		D9F6C0B823DB8AC600F416DF /* Main.storyboard */ = {
			isa = PBXVariantGroup;
			children = (
				D9F6C0B923DB8AC600F416DF /* Base */,
			);
			name = Main.storyboard;
			sourceTree = "<group>";
		};
		D9F6C0BD23DB8ACA00F416DF /* LaunchScreen.storyboard */ = {
			isa = PBXVariantGroup;
			children = (
				D9F6C0BE23DB8ACA00F416DF /* Base */,
			);
			name = LaunchScreen.storyboard;
			sourceTree = "<group>";
		};
/* End PBXVariantGroup section */

/* Begin XCBuildConfiguration section */
		D9F6C0C123DB8ACA00F416DF /* Debug */ = {
			isa = XCBuildConfiguration;
			buildSettings = {
				ALWAYS_SEARCH_USER_PATHS = NO;
				CLANG_ANALYZER_NONNULL = YES;
				CLANG_ANALYZER_NUMBER_OBJECT_CONVERSION = YES_AGGRESSIVE;
				CLANG_CXX_LANGUAGE_STANDARD = "gnu++14";
				CLANG_CXX_LIBRARY = "libc++";
				CLANG_ENABLE_MODULES = YES;
				CLANG_ENABLE_OBJC_ARC = YES;
				CLANG_ENABLE_OBJC_WEAK = YES;
				CLANG_WARN_BLOCK_CAPTURE_AUTORELEASING = YES;
				CLANG_WARN_BOOL_CONVERSION = YES;
				CLANG_WARN_COMMA = YES;
				CLANG_WARN_CONSTANT_CONVERSION = YES;
				CLANG_WARN_DEPRECATED_OBJC_IMPLEMENTATIONS = YES;
				CLANG_WARN_DIRECT_OBJC_ISA_USAGE = YES_ERROR;
				CLANG_WARN_DOCUMENTATION_COMMENTS = YES;
				CLANG_WARN_EMPTY_BODY = YES;
				CLANG_WARN_ENUM_CONVERSION = YES;
				CLANG_WARN_INFINITE_RECURSION = YES;
				CLANG_WARN_INT_CONVERSION = YES;
				CLANG_WARN_NON_LITERAL_NULL_CONVERSION = YES;
				CLANG_WARN_OBJC_IMPLICIT_RETAIN_SELF = YES;
				CLANG_WARN_OBJC_LITERAL_CONVERSION = YES;
				CLANG_WARN_OBJC_ROOT_CLASS = YES_ERROR;
				CLANG_WARN_RANGE_LOOP_ANALYSIS = YES;
				CLANG_WARN_STRICT_PROTOTYPES = YES;
				CLANG_WARN_SUSPICIOUS_MOVE = YES;
				CLANG_WARN_UNGUARDED_AVAILABILITY = YES_AGGRESSIVE;
				CLANG_WARN_UNREACHABLE_CODE = YES;
				CLANG_WARN__DUPLICATE_METHOD_MATCH = YES;
				COPY_PHASE_STRIP = NO;
				DEBUG_INFORMATION_FORMAT = dwarf;
				ENABLE_STRICT_OBJC_MSGSEND = YES;
				ENABLE_TESTABILITY = YES;
				GCC_C_LANGUAGE_STANDARD = gnu11;
				GCC_DYNAMIC_NO_PIC = NO;
				GCC_NO_COMMON_BLOCKS = YES;
				GCC_OPTIMIZATION_LEVEL = 0;
				GCC_PREPROCESSOR_DEFINITIONS = (
					"DEBUG=1",
					"$(inherited)",
				);
				GCC_WARN_64_TO_32_BIT_CONVERSION = YES;
				GCC_WARN_ABOUT_RETURN_TYPE = YES_ERROR;
				GCC_WARN_UNDECLARED_SELECTOR = YES;
				GCC_WARN_UNINITIALIZED_AUTOS = YES_AGGRESSIVE;
				GCC_WARN_UNUSED_FUNCTION = YES;
				GCC_WARN_UNUSED_VARIABLE = YES;
				IPHONEOS_DEPLOYMENT_TARGET = 13.1;
				MTL_ENABLE_DEBUG_INFO = INCLUDE_SOURCE;
				MTL_FAST_MATH = YES;
				ONLY_ACTIVE_ARCH = YES;
				SDKROOT = iphoneos;
				SWIFT_ACTIVE_COMPILATION_CONDITIONS = DEBUG;
				SWIFT_OPTIMIZATION_LEVEL = "-Onone";
			};
			name = Debug;
		};
		D9F6C0C223DB8ACA00F416DF /* Release */ = {
			isa = XCBuildConfiguration;
			buildSettings = {
				ALWAYS_SEARCH_USER_PATHS = NO;
				CLANG_ANALYZER_NONNULL = YES;
				CLANG_ANALYZER_NUMBER_OBJECT_CONVERSION = YES_AGGRESSIVE;
				CLANG_CXX_LANGUAGE_STANDARD = "gnu++14";
				CLANG_CXX_LIBRARY = "libc++";
				CLANG_ENABLE_MODULES = YES;
				CLANG_ENABLE_OBJC_ARC = YES;
				CLANG_ENABLE_OBJC_WEAK = YES;
				CLANG_WARN_BLOCK_CAPTURE_AUTORELEASING = YES;
				CLANG_WARN_BOOL_CONVERSION = YES;
				CLANG_WARN_COMMA = YES;
				CLANG_WARN_CONSTANT_CONVERSION = YES;
				CLANG_WARN_DEPRECATED_OBJC_IMPLEMENTATIONS = YES;
				CLANG_WARN_DIRECT_OBJC_ISA_USAGE = YES_ERROR;
				CLANG_WARN_DOCUMENTATION_COMMENTS = YES;
				CLANG_WARN_EMPTY_BODY = YES;
				CLANG_WARN_ENUM_CONVERSION = YES;
				CLANG_WARN_INFINITE_RECURSION = YES;
				CLANG_WARN_INT_CONVERSION = YES;
				CLANG_WARN_NON_LITERAL_NULL_CONVERSION = YES;
				CLANG_WARN_OBJC_IMPLICIT_RETAIN_SELF = YES;
				CLANG_WARN_OBJC_LITERAL_CONVERSION = YES;
				CLANG_WARN_OBJC_ROOT_CLASS = YES_ERROR;
				CLANG_WARN_RANGE_LOOP_ANALYSIS = YES;
				CLANG_WARN_STRICT_PROTOTYPES = YES;
				CLANG_WARN_SUSPICIOUS_MOVE = YES;
				CLANG_WARN_UNGUARDED_AVAILABILITY = YES_AGGRESSIVE;
				CLANG_WARN_UNREACHABLE_CODE = YES;
				CLANG_WARN__DUPLICATE_METHOD_MATCH = YES;
				COPY_PHASE_STRIP = NO;
				DEBUG_INFORMATION_FORMAT = "dwarf-with-dsym";
				ENABLE_NS_ASSERTIONS = NO;
				ENABLE_STRICT_OBJC_MSGSEND = YES;
				GCC_C_LANGUAGE_STANDARD = gnu11;
				GCC_NO_COMMON_BLOCKS = YES;
				GCC_WARN_64_TO_32_BIT_CONVERSION = YES;
				GCC_WARN_ABOUT_RETURN_TYPE = YES_ERROR;
				GCC_WARN_UNDECLARED_SELECTOR = YES;
				GCC_WARN_UNINITIALIZED_AUTOS = YES_AGGRESSIVE;
				GCC_WARN_UNUSED_FUNCTION = YES;
				GCC_WARN_UNUSED_VARIABLE = YES;
				IPHONEOS_DEPLOYMENT_TARGET = 13.1;
				MTL_ENABLE_DEBUG_INFO = NO;
				MTL_FAST_MATH = YES;
				SDKROOT = iphoneos;
				SWIFT_COMPILATION_MODE = wholemodule;
				SWIFT_OPTIMIZATION_LEVEL = "-O";
				VALIDATE_PRODUCT = YES;
			};
			name = Release;
		};
		D9F6C0C423DB8ACA00F416DF /* Debug */ = {
			isa = XCBuildConfiguration;
			baseConfigurationReference = 77490B8E562035B00D513247 /* Pods-customTabBar.debug.xcconfig */;
			buildSettings = {
				ASSETCATALOG_COMPILER_APPICON_NAME = AppIcon;
				CODE_SIGN_STYLE = Automatic;
				DEVELOPMENT_TEAM = 63JS4LZS93;
				INFOPLIST_FILE = customTabBar/Info.plist;
				LD_RUNPATH_SEARCH_PATHS = (
					"$(inherited)",
					"@executable_path/Frameworks",
				);
				PRODUCT_BUNDLE_IDENTIFIER = "karim-metawea..customTabBar";
				PRODUCT_NAME = "$(TARGET_NAME)";
				SWIFT_VERSION = 5.0;
				TARGETED_DEVICE_FAMILY = "1,2";
			};
			name = Debug;
		};
		D9F6C0C523DB8ACA00F416DF /* Release */ = {
			isa = XCBuildConfiguration;
			baseConfigurationReference = 501A30B8680C94A50F95C307 /* Pods-customTabBar.release.xcconfig */;
			buildSettings = {
				ASSETCATALOG_COMPILER_APPICON_NAME = AppIcon;
				CODE_SIGN_STYLE = Automatic;
				DEVELOPMENT_TEAM = 63JS4LZS93;
				INFOPLIST_FILE = customTabBar/Info.plist;
				LD_RUNPATH_SEARCH_PATHS = (
					"$(inherited)",
					"@executable_path/Frameworks",
				);
				PRODUCT_BUNDLE_IDENTIFIER = "karim-metawea..customTabBar";
				PRODUCT_NAME = "$(TARGET_NAME)";
				SWIFT_VERSION = 5.0;
				TARGETED_DEVICE_FAMILY = "1,2";
			};
			name = Release;
		};
/* End XCBuildConfiguration section */

/* Begin XCConfigurationList section */
		D9F6C0AA23DB8AC600F416DF /* Build configuration list for PBXProject "customTabBar" */ = {
			isa = XCConfigurationList;
			buildConfigurations = (
				D9F6C0C123DB8ACA00F416DF /* Debug */,
				D9F6C0C223DB8ACA00F416DF /* Release */,
			);
			defaultConfigurationIsVisible = 0;
			defaultConfigurationName = Release;
		};
		D9F6C0C323DB8ACA00F416DF /* Build configuration list for PBXNativeTarget "customTabBar" */ = {
			isa = XCConfigurationList;
			buildConfigurations = (
				D9F6C0C423DB8ACA00F416DF /* Debug */,
				D9F6C0C523DB8ACA00F416DF /* Release */,
			);
			defaultConfigurationIsVisible = 0;
			defaultConfigurationName = Release;
		};
/* End XCConfigurationList section */
	};
	rootObject = D9F6C0A723DB8AC600F416DF /* Project object */;
}
